<Solution>
  <Project Path="GamePulse_Business/GamePulse_Business.csproj" Id="107ce538-7088-433b-912f-3192b24c5788" />
  <Project Path="GamePulse_DataAccess/GamePulse_DataAccess.csproj" Id="e9e105e5-86f8-4059-9fca-8233bed4e9d7" />
  <Project Path="GamePulse_Frm/GamePulse_Frm.csproj" Id="734b1519-4e63-4613-abdb-27df1c204093" />
  <Project Path="test/test.csproj" Id="13d68015-6640-4dcc-b39b-e4badb8eed0d" />
</Solution>
